# THIS IS AN AUTOGENERATED FILE. DO NOT EDIT THIS FILE DIRECTLY.
# yarn lockfile v1


"@bufbuild/buf-darwin-arm64@1.47.2":
  version "1.47.2"
  resolved "https://registry.yarnpkg.com/@bufbuild/buf-darwin-arm64/-/buf-darwin-arm64-1.47.2.tgz#aed6df7a7981edf3ac4f1524cdef23f4f5804cfc"
  integrity sha512-74WerFn06y+azgVfsnzhfbI5wla/OLPDnIvaNJBWHaqya/3bfascJkDylW2GVNHmwG1K/cscpmcc/RJPaO7ntQ==

"@bufbuild/buf-darwin-x64@1.47.2":
  version "1.47.2"
  resolved "https://registry.yarnpkg.com/@bufbuild/buf-darwin-x64/-/buf-darwin-x64-1.47.2.tgz#e6b9e2cb0fe947b0475911b3982d0c73b2e84a37"
  integrity sha512-adAiOacOQe8Ym/YXPCEiq9mrPeKRmDtF2TgqPWTcDy6mF7TqR7hMJINkEEuMd1EeACmXnzMOnXlm9ICtvdYgPg==

"@bufbuild/buf-linux-aarch64@1.47.2":
  version "1.47.2"
  resolved "https://registry.yarnpkg.com/@bufbuild/buf-linux-aarch64/-/buf-linux-aarch64-1.47.2.tgz#b164e52a3b581b91b28fde8c7e58cd01282139a0"
  integrity sha512-52vY+Owffr5diw2PyfQJqH+Fld6zW6NhNZak4zojvc2MjZKubWM0TfNyM9jXz2YrwyB+cyxkabE60nBI80m37w==

"@bufbuild/buf-linux-armv7@1.47.2":
  version "1.47.2"
  resolved "https://registry.yarnpkg.com/@bufbuild/buf-linux-armv7/-/buf-linux-armv7-1.47.2.tgz#02b37b851b054f3855824e7d7b818cc24bb2c7b5"
  integrity sha512-g9KtpObDeHZ/VG/0b5ZCieOao7L/WYZ0fPqFSs4N07D3APgEDhJG6vLyUcDgJMDgyLcgkNjNz0+XdYQb/tXyQw==

"@bufbuild/buf-linux-x64@1.47.2":
  version "1.47.2"
  resolved "https://registry.yarnpkg.com/@bufbuild/buf-linux-x64/-/buf-linux-x64-1.47.2.tgz#ecc2dcb22f32a3d06579d9f7fc3a1ea1686c42b0"
  integrity sha512-MODCK2BzD1Mgoyr+5Sp8xA8qMNdytj8hYheyhA5NnCGTkQf8sfqAjpBSAAmKk6Zar8HOlVXML6tzE/ioDFFGwQ==

"@bufbuild/buf-win32-arm64@1.47.2":
  version "1.47.2"
  resolved "https://registry.yarnpkg.com/@bufbuild/buf-win32-arm64/-/buf-win32-arm64-1.47.2.tgz#c6530c3899fc7aedb441aff492f11ab27cbb52ef"
  integrity sha512-563YKYWJl3LrCY3G3+zuhb8HwOs6DzWslwGPFkKV2hwHyWyvd1DR1JjiLvw9zX64IKNctQ0HempSqc3kcboaqQ==

"@bufbuild/buf-win32-x64@1.47.2":
  version "1.47.2"
  resolved "https://registry.yarnpkg.com/@bufbuild/buf-win32-x64/-/buf-win32-x64-1.47.2.tgz#fc2d47069cb1485feacd6eef1f53511cd3ea1bf9"
  integrity sha512-Sqcdv7La2xBDh3bTdEYb2f4UTMMqCcYe/D0RELhvQ5wDn6I35V3/2YT1OF5fRuf0BZLCo0OdO37S9L47uHSz2g==

"@bufbuild/buf@^1.47.2":
  version "1.47.2"
  resolved "https://registry.yarnpkg.com/@bufbuild/buf/-/buf-1.47.2.tgz#de588f291a52e275c7e26dd7d605da1b5cf2169f"
  integrity sha512-glY5kCAoO4+a7HvDb+BLOdoHSdCk4mdXdkp53H8JFz7maOnkxCiHHXgRX+taFyEu25N8ybn7NjZFrZSdRwq2sA==
  optionalDependencies:
    "@bufbuild/buf-darwin-arm64" "1.47.2"
    "@bufbuild/buf-darwin-x64" "1.47.2"
    "@bufbuild/buf-linux-aarch64" "1.47.2"
    "@bufbuild/buf-linux-armv7" "1.47.2"
    "@bufbuild/buf-linux-x64" "1.47.2"
    "@bufbuild/buf-win32-arm64" "1.47.2"
    "@bufbuild/buf-win32-x64" "1.47.2"

"@bufbuild/protobuf@2.2.3", "@bufbuild/protobuf@^2.2.3":
  version "2.2.3"
  resolved "https://registry.yarnpkg.com/@bufbuild/protobuf/-/protobuf-2.2.3.tgz#9cd136f6b687e63e9b517b3a54211ece942897ee"
  integrity sha512-tFQoXHJdkEOSwj5tRIZSPNUuXK3RaR7T1nUrPgbYX1pUbvqqaaZAsfo+NXBPsz5rZMSKVFrgK1WL8Q/MSLvprg==

"@bufbuild/protoc-gen-es@^2.2.3":
  version "2.2.3"
  resolved "https://registry.yarnpkg.com/@bufbuild/protoc-gen-es/-/protoc-gen-es-2.2.3.tgz#248fdde46ca895cc1756f51b4d4cebd7e1b625ea"
  integrity sha512-hdhIV9NmwXXy24DcbnArauv6L5Dv2PjkO9gz2DUhiZ9HPRpP+rmpT8zo5LohjJiuA7YIQGGKKWSKpRg+xcdLSQ==
  dependencies:
    "@bufbuild/protobuf" "^2.2.3"
    "@bufbuild/protoplugin" "2.2.3"

"@bufbuild/protoplugin@2.2.3":
  version "2.2.3"
  resolved "https://registry.yarnpkg.com/@bufbuild/protoplugin/-/protoplugin-2.2.3.tgz#9f14cdbf6bbc0761be0314fcd249f9f1ef19495c"
  integrity sha512-UsV7mj6NJTZrqIYJK+jNFnnj5tOS7wgNXKyMjebFEpf+OX6pfXE+nx+QPjumOfu4GxdVPfEDnKuwISgqlXSQqw==
  dependencies:
    "@bufbuild/protobuf" "2.2.3"
    "@typescript/vfs" "^1.5.2"
    typescript "5.4.5"

"@playwright/test@^1.49.1":
  version "1.49.1"
  resolved "https://registry.yarnpkg.com/@playwright/test/-/test-1.49.1.tgz#55fa360658b3187bfb6371e2f8a64f50ef80c827"
  integrity sha512-Ky+BVzPz8pL6PQxHqNRW1k3mIyv933LML7HktS8uik0bUXNCdPhoS/kLihiO1tMf/egaJb4IutXd7UywvXEW+g==
  dependencies:
    playwright "1.49.1"

"@types/node@^22.10.2":
  version "22.10.2"
  resolved "https://registry.yarnpkg.com/@types/node/-/node-22.10.2.tgz#a485426e6d1fdafc7b0d4c7b24e2c78182ddabb9"
  integrity sha512-Xxr6BBRCAOQixvonOye19wnzyDiUtTeqldOOmj3CkeblonbccA12PFwlufvRdrpjXxqnmUaeiU5EOA+7s5diUQ==
  dependencies:
    undici-types "~6.20.0"

"@typescript/vfs@^1.5.2":
  version "1.6.0"
  resolved "https://registry.yarnpkg.com/@typescript/vfs/-/vfs-1.6.0.tgz#9c90d8c43f7ac53cc77d5959e5c4c9b639f0959e"
  integrity sha512-hvJUjNVeBMp77qPINuUvYXj4FyWeeMMKZkxEATEU3hqBAQ7qdTBCUFT7Sp0Zu0faeEtFf+ldXxMEDr/bk73ISg==
  dependencies:
    debug "^4.1.1"

debug@^4.1.1:
  version "4.4.0"
  resolved "https://registry.yarnpkg.com/debug/-/debug-4.4.0.tgz#2b3f2aea2ffeb776477460267377dc8710faba8a"
  integrity sha512-6WTZ/IxCY/T6BALoZHaE4ctp9xm+Z5kY/pzYaCHRFeyVhojxlrm+46y68HA6hr0TcwEssoxNiDEUJQjfPZ/RYA==
  dependencies:
    ms "^2.1.3"

fsevents@2.3.2:
  version "2.3.2"
  resolved "https://registry.yarnpkg.com/fsevents/-/fsevents-2.3.2.tgz#8a526f78b8fdf4623b709e0b975c52c24c02fd1a"
  integrity sha512-xiqMQR4xAeHTuB9uWm+fFRcIOgKBMiOBP+eXiyT7jsgVCq1bkVygt00oASowB7EdtpOHaaPgKt812P9ab+DDKA==

ms@^2.1.3:
  version "2.1.3"
  resolved "https://registry.yarnpkg.com/ms/-/ms-2.1.3.tgz#574c8138ce1d2b5861f0b44579dbadd60c6615b2"
  integrity sha512-6FlzubTLZG3J2a/NVCAleEhjzq5oxgHyaCU9yYXvcLsvoVaHJq/s5xXI6/XXP6tz7R9xAOtHnSO/tXtF3WRTlA==

playwright-core@1.49.1:
  version "1.49.1"
  resolved "https://registry.yarnpkg.com/playwright-core/-/playwright-core-1.49.1.tgz#32c62f046e950f586ff9e35ed490a424f2248015"
  integrity sha512-BzmpVcs4kE2CH15rWfzpjzVGhWERJfmnXmniSyKeRZUs9Ws65m+RGIi7mjJK/euCegfn3i7jvqWeWyHe9y3Vgg==

playwright@1.49.1:
  version "1.49.1"
  resolved "https://registry.yarnpkg.com/playwright/-/playwright-1.49.1.tgz#830266dbca3008022afa7b4783565db9944ded7c"
  integrity sha512-VYL8zLoNTBxVOrJBbDuRgDWa3i+mfQgDTrL8Ah9QXZ7ax4Dsj0MSq5bYgytRnDVVe+njoKnfsYkH3HzqVj5UZA==
  dependencies:
    playwright-core "1.49.1"
  optionalDependencies:
    fsevents "2.3.2"

typescript@5.4.5:
  version "5.4.5"
  resolved "https://registry.yarnpkg.com/typescript/-/typescript-5.4.5.tgz#42ccef2c571fdbd0f6718b1d1f5e6e5ef006f611"
  integrity sha512-vcI4UpRgg81oIRUFwR0WSIHKt11nJ7SAVlYNIu+QpqeyXP+gpQJy/Z4+F0aGxSE4MqwjyXvW/TzgkLAx2AGHwQ==

undici-types@~6.20.0:
  version "6.20.0"
  resolved "https://registry.yarnpkg.com/undici-types/-/undici-types-6.20.0.tgz#8171bf22c1f588d1554d55bf204bc624af388433"
  integrity sha512-Ny6QZ2Nju20vw1SRHe3d9jVu6gJ+4e3+MMpqu7pqE5HT6WsTSlce++GQmK5UXS8mzV8DSYHrQH+Xrf2jVcuKNg==

uuid@^11.0.3:
  version "11.0.3"
  resolved "https://registry.yarnpkg.com/uuid/-/uuid-11.0.3.tgz#248451cac9d1a4a4128033e765d137e2b2c49a3d"
  integrity sha512-d0z310fCWv5dJwnX1Y/MncBAqGMKEzlBb1AOf7z9K8ALnd0utBX/msg/fA0+sbyN1ihbMsLhrBlnl1ak7Wa0rg==
